{
  "name": "simple_amd_module",
  "version": "1.0.0",
  "lockfileVersion": 2,
  "requires": true,
  "packages": {
    "": {
      "name": "simple_amd_module",
      "version": "1.0.0",
      "license": "ISC",
      "dependencies": {
        "amd-loader": "^0.0.8"
      }
    },
    "node_modules/amd-loader": {
      "version": "0.0.8",
      "resolved": "http://h2908727.stratoserver.net:8081/repository/npm-registry/amd-loader/-/amd-loader-0.0.8.tgz",
      "integrity": "sha1-ECKSgEDlZ+jmpvtYvaBS+BkYkgY=",
      "engines": {
        "node": ">= 0.4.11"
      }
    }
  },
  "dependencies": {
    "amd-loader": {
      "version": "0.0.8",
      "resolved": "http://h2908727.stratoserver.net:8081/repository/npm-registry/amd-loader/-/amd-loader-0.0.8.tgz",
      "integrity": "sha1-ECKSgEDlZ+jmpvtYvaBS+BkYkgY="
    }
  }
}
