{
  "name": "simple-app",
  "version": "1.0.0",
  "lockfileVersion": 2,
  "requires": true,
  "packages": {
    "": {
      "name": "simple-app",
      "version": "1.0.0",
      "license": "ISC",
      "dependencies": {
        "simple-commonsjs-module": "^1.0.0",
        "simple-es-module": "^1.0.0"
      }
    },
    "node_modules/simple-commonsjs-module": {
      "version": "1.0.0",
      "resolved": "http://h2908727.stratoserver.net:8081/repository/npm-registry/simple-commonsjs-module/-/simple-commonsjs-module-1.0.0.tgz",
      "integrity": "sha512-4jS8tjtBacnBvmUf5YAtq//C/s+d4W+DCtlGpq+XsnBg+7g8f7F6iFJuV4bQjofPJm2KZxmm0meYVx9HK7iUxQ==",
      "license": "ISC"
    },
    "node_modules/simple-es-module": {
      "version": "1.0.0",
      "resolved": "http://h2908727.stratoserver.net:8081/repository/npm-registry/simple-es-module/-/simple-es-module-1.0.0.tgz",
      "integrity": "sha512-zJoZKt1tYEQ2URgZ5btLCR4Mb6f/kkkmBs6BN4VEDdG04pfZYejR60d0AlDZ9SCPA4Bqy0NCRMcVpqc2CmymKA==",
      "license": "ISC"
    }
  },
  "dependencies": {
    "simple-commonsjs-module": {
      "version": "1.0.0",
      "resolved": "http://h2908727.stratoserver.net:8081/repository/npm-registry/simple-commonsjs-module/-/simple-commonsjs-module-1.0.0.tgz",
      "integrity": "sha512-4jS8tjtBacnBvmUf5YAtq//C/s+d4W+DCtlGpq+XsnBg+7g8f7F6iFJuV4bQjofPJm2KZxmm0meYVx9HK7iUxQ=="
    },
    "simple-es-module": {
      "version": "1.0.0",
      "resolved": "http://h2908727.stratoserver.net:8081/repository/npm-registry/simple-es-module/-/simple-es-module-1.0.0.tgz",
      "integrity": "sha512-zJoZKt1tYEQ2URgZ5btLCR4Mb6f/kkkmBs6BN4VEDdG04pfZYejR60d0AlDZ9SCPA4Bqy0NCRMcVpqc2CmymKA=="
    }
  }
}
